{
    "hash": "4ae3672218bd86a6b56e9bd3ec55e3c9",
    "packages": [
        {
            "name": "j4mie/idiorm",
            "version": "dev-sphinxdocs",
            "source": {
                "type": "git",
                "url": "https://github.com/j4mie/idiorm",
                "reference": "a444f7141c2e235eb11ccf38806e8f24ef1f3051"
            },
            "dist": {
                "type": "zip",
                "url": "https://github.com/j4mie/idiorm/archive/a444f7141c2e235eb11ccf38806e8f24ef1f3051.zip",
                "reference": "a444f7141c2e235eb11ccf38806e8f24ef1f3051",
                "shasum": ""
            },
            "require": {
                "php": ">=5.2.0"
            },
            "time": "2012-12-14 15:15:34",
            "type": "library",
            "installation-source": "source",
            "autoload": {
                "files": [
                    "idiorm.php"
                ]
            },
            "notification-url": "http://packagist.org/downloads/",
            "license": [
                "BSD-2-Clause",
                "BSD-3-Clause",
                "BSD-4-Clause"
            ],
            "authors": [
                {
                    "name": "Simon Holywell",
                    "email": "treffynnon@php.net",
                    "homepage": "http://simonholywell.com",
                    "role": "Maintainer"
                },
                {
                    "name": "Jamie Matthews",
                    "email": "jamie.matthews@gmail.com",
                    "homepage": "http://j4mie.org",
                    "role": "Developer"
                },
                {
                    "name": "Durham Hale",
                    "email": "me@durhamhale.com",
                    "homepage": "http://durhamhale.com",
                    "role": "Maintainer"
                }
            ],
            "description": "A lightweight nearly-zero-configuration object-relational mapper and fluent query builder for PHP5",
            "homepage": "http://j4mie.github.com/idiormandparis",
            "keywords": [
                "orm",
                "query builder",
                "idiorm"
            ]
        },
        {
            "name": "ruckusing/ruckusing-migrations",
            "version": "dev-master",
            "source": {
                "type": "git",
                "url": "https://github.com/ruckus/ruckusing-migrations",
                "reference": "c3ce5f486a5cab91b353e7eb8a8a53e138fcc138"
            },
            "dist": {
                "type": "zip",
                "url": "https://github.com/ruckus/ruckusing-migrations/archive/c3ce5f486a5cab91b353e7eb8a8a53e138fcc138.zip",
                "reference": "c3ce5f486a5cab91b353e7eb8a8a53e138fcc138",
                "shasum": ""
            },
            "require": {
                "php": ">=5"
            },
            "time": "2012-12-28 18:04:02",
            "bin": [
                "generate.php",
                "main.php",
                "update_ruckusing_database.php"
            ],
            "type": "library",
            "installation-source": "source",
            "notification-url": "http://packagist.org/downloads/",
            "license": [
                "LGPL-2.1+"
            ],
            "authors": [
                {
                    "name": "Cody Caughlan",
                    "email": "codycaughlan@gmail.com",
                    "homepage": "https://github.com/ruckus/ruckusing-migrations/wiki",
                    "role": "Project lead / Developer"
                }
            ],
            "description": "Framework for generating and managing database migrations",
            "keywords": [
                "database",
                "migrations",
                "ruckusing"
            ]
        },
        {
            "name": "slim/slim",
            "version": "2.2.0",
            "source": {
                "type": "git",
                "url": "https://github.com/codeguy/Slim",
                "reference": "2.2.0"
            },
            "dist": {
                "type": "zip",
                "url": "https://github.com/codeguy/Slim/archive/2.2.0.zip",
                "reference": "2.2.0",
                "shasum": ""
            },
            "require": {
                "php": ">=5.3.0"
            },
            "time": "2012-12-13 02:15:50",
            "type": "library",
            "installation-source": "dist",
            "autoload": {
                "psr-0": {
                    "Slim": "."
                }
            },
            "notification-url": "http://packagist.org/downloads/",
            "license": [
                "MIT"
            ],
            "authors": [
                {
                    "name": "Josh Lockhart",
                    "email": "info@joshlockhart.com",
                    "homepage": "http://www.joshlockhart.com/"
                }
            ],
            "description": "Slim Framework, a PHP micro framework",
            "homepage": "http://github.com/codeguy/Slim",
            "keywords": [
                "microframework",
                "rest",
                "router"
            ]
        }
    ],
    "packages-dev": null,
    "aliases": [

    ],
    "minimum-stability": "stable",
    "stability-flags": {
        "ruckusing/ruckusing-migrations": 20,
        "j4mie/idiorm": 20
    }
}
